
Microsoft Visual Studio Solution File, Format Version 12.00
# Visual Studio Version 17
VisualStudioVersion = 17.1.32210.238
MinimumVisualStudioVersion = 10.0.40219.1
Project("{FAE04EC0-301F-11D3-BF4B-00C04F79EFBC}") = "BaseProject", "BaseProject\BaseProject.csproj", "{C434C029-8DEC-4668-8DD8-F9CE39172CE9}"
EndProject
Global
	GlobalSection(SolutionConfigurationPlatforms) = preSolution
		Debug|Any CPU = Debug|Any CPU
		Release|Any CPU = Release|Any CPU
	EndGlobalSection
	GlobalSection(ProjectConfigurationPlatforms) = postSolution
		{C434C029-8DEC-4668-8DD8-F9CE39172CE9}.Debug|Any CPU.ActiveCfg = Debug|Any CPU
		{C434C029-8DEC-4668-8DD8-F9CE39172CE9}.Debug|Any CPU.Build.0 = Debug|Any CPU
		{C434C029-8DEC-4668-8DD8-F9CE39172CE9}.Release|Any CPU.ActiveCfg = Release|Any CPU
		{C434C029-8DEC-4668-8DD8-F9CE39172CE9}.Release|Any CPU.Build.0 = Release|Any CPU
	EndGlobalSection
	GlobalSection(SolutionProperties) = preSolution
		HideSolutionNode = FALSE
	EndGlobalSection
	GlobalSection(ExtensibilityGlobals) = postSolution
		SolutionGuid = {E280CD7C-34CF-4164-88A7-50F161E2DB4F}
	EndGlobalSection
EndGlobal
