
Microsoft Visual Studio Solution File, Format Version 12.00
# Visual Studio Version 17
VisualStudioVersion = 17.1.32210.238
MinimumVisualStudioVersion = 10.0.40219.1
Project("{9A19103F-16F7-4668-BE54-9A1E7A4F7556}") = "BaseProject", "BaseProject\BaseProject.csproj", "{C434C029-8DEC-4668-8DD8-F9CE39172CE9}"
EndProject
Project("{9A19103F-16F7-4668-BE54-9A1E7A4F7556}") = "WebApp.Strategy", "WebApp.Strategy\WebApp.Strategy.csproj", "{1744A092-4570-42BE-90D9-D50C80104328}"
EndProject
Project("{9A19103F-16F7-4668-BE54-9A1E7A4F7556}") = "WebApp.Template", "WebApp.Template\WebApp.Template.csproj", "{625174C4-4AC8-4045-AF22-FC641623F4DF}"
EndProject
Project("{9A19103F-16F7-4668-BE54-9A1E7A4F7556}") = "WebApp.Command", "WebApp.Command\WebApp.Command.csproj", "{CE8989FC-728E-4C78-B1F9-789590474770}"
EndProject
Project("{9A19103F-16F7-4668-BE54-9A1E7A4F7556}") = "WebApp.Observer", "WebApp.Observer\WebApp.Observer.csproj", "{3838756E-3B4F-473A-ABF4-82B4830BF864}"
EndProject
Project("{9A19103F-16F7-4668-BE54-9A1E7A4F7556}") = "WebApp.ChainOfResponsibility", "WebApp.ChainOfResponsibility\WebApp.ChainOfResponsibility.csproj", "{7D4F0508-4F6A-4E33-AA34-30F5628F48C6}"
EndProject
Project("{9A19103F-16F7-4668-BE54-9A1E7A4F7556}") = "WebApp.Composite", "WebApp.Composite\WebApp.Composite.csproj", "{7FAC4292-124E-4C22-9340-EF2771AF9AD0}"
EndProject
Project("{9A19103F-16F7-4668-BE54-9A1E7A4F7556}") = "WebApp.Decorator", "WebApp.Decorator\WebApp.Decorator.csproj", "{95EA4F06-764F-44E3-9C52-F45D64833349}"
EndProject
Global
	GlobalSection(SolutionConfigurationPlatforms) = preSolution
		Debug|Any CPU = Debug|Any CPU
		Release|Any CPU = Release|Any CPU
	EndGlobalSection
	GlobalSection(ProjectConfigurationPlatforms) = postSolution
		{C434C029-8DEC-4668-8DD8-F9CE39172CE9}.Debug|Any CPU.ActiveCfg = Debug|Any CPU
		{C434C029-8DEC-4668-8DD8-F9CE39172CE9}.Debug|Any CPU.Build.0 = Debug|Any CPU
		{C434C029-8DEC-4668-8DD8-F9CE39172CE9}.Release|Any CPU.ActiveCfg = Release|Any CPU
		{C434C029-8DEC-4668-8DD8-F9CE39172CE9}.Release|Any CPU.Build.0 = Release|Any CPU
		{1744A092-4570-42BE-90D9-D50C80104328}.Debug|Any CPU.ActiveCfg = Debug|Any CPU
		{1744A092-4570-42BE-90D9-D50C80104328}.Debug|Any CPU.Build.0 = Debug|Any CPU
		{1744A092-4570-42BE-90D9-D50C80104328}.Release|Any CPU.ActiveCfg = Release|Any CPU
		{1744A092-4570-42BE-90D9-D50C80104328}.Release|Any CPU.Build.0 = Release|Any CPU
		{625174C4-4AC8-4045-AF22-FC641623F4DF}.Debug|Any CPU.ActiveCfg = Debug|Any CPU
		{625174C4-4AC8-4045-AF22-FC641623F4DF}.Debug|Any CPU.Build.0 = Debug|Any CPU
		{625174C4-4AC8-4045-AF22-FC641623F4DF}.Release|Any CPU.ActiveCfg = Release|Any CPU
		{625174C4-4AC8-4045-AF22-FC641623F4DF}.Release|Any CPU.Build.0 = Release|Any CPU
		{CE8989FC-728E-4C78-B1F9-789590474770}.Debug|Any CPU.ActiveCfg = Debug|Any CPU
		{CE8989FC-728E-4C78-B1F9-789590474770}.Debug|Any CPU.Build.0 = Debug|Any CPU
		{CE8989FC-728E-4C78-B1F9-789590474770}.Release|Any CPU.ActiveCfg = Release|Any CPU
		{CE8989FC-728E-4C78-B1F9-789590474770}.Release|Any CPU.Build.0 = Release|Any CPU
		{3838756E-3B4F-473A-ABF4-82B4830BF864}.Debug|Any CPU.ActiveCfg = Debug|Any CPU
		{3838756E-3B4F-473A-ABF4-82B4830BF864}.Debug|Any CPU.Build.0 = Debug|Any CPU
		{3838756E-3B4F-473A-ABF4-82B4830BF864}.Release|Any CPU.ActiveCfg = Release|Any CPU
		{3838756E-3B4F-473A-ABF4-82B4830BF864}.Release|Any CPU.Build.0 = Release|Any CPU
		{7D4F0508-4F6A-4E33-AA34-30F5628F48C6}.Debug|Any CPU.ActiveCfg = Debug|Any CPU
		{7D4F0508-4F6A-4E33-AA34-30F5628F48C6}.Debug|Any CPU.Build.0 = Debug|Any CPU
		{7D4F0508-4F6A-4E33-AA34-30F5628F48C6}.Release|Any CPU.ActiveCfg = Release|Any CPU
		{7D4F0508-4F6A-4E33-AA34-30F5628F48C6}.Release|Any CPU.Build.0 = Release|Any CPU
		{7FAC4292-124E-4C22-9340-EF2771AF9AD0}.Debug|Any CPU.ActiveCfg = Debug|Any CPU
		{7FAC4292-124E-4C22-9340-EF2771AF9AD0}.Debug|Any CPU.Build.0 = Debug|Any CPU
		{7FAC4292-124E-4C22-9340-EF2771AF9AD0}.Release|Any CPU.ActiveCfg = Release|Any CPU
		{7FAC4292-124E-4C22-9340-EF2771AF9AD0}.Release|Any CPU.Build.0 = Release|Any CPU
		{95EA4F06-764F-44E3-9C52-F45D64833349}.Debug|Any CPU.ActiveCfg = Debug|Any CPU
		{95EA4F06-764F-44E3-9C52-F45D64833349}.Debug|Any CPU.Build.0 = Debug|Any CPU
		{95EA4F06-764F-44E3-9C52-F45D64833349}.Release|Any CPU.ActiveCfg = Release|Any CPU
		{95EA4F06-764F-44E3-9C52-F45D64833349}.Release|Any CPU.Build.0 = Release|Any CPU
	EndGlobalSection
	GlobalSection(SolutionProperties) = preSolution
		HideSolutionNode = FALSE
	EndGlobalSection
	GlobalSection(ExtensibilityGlobals) = postSolution
		SolutionGuid = {E280CD7C-34CF-4164-88A7-50F161E2DB4F}
	EndGlobalSection
EndGlobal
